
Microsoft Visual Studio Solution File, Format Version 12.00
# Visual Studio Version 17
VisualStudioVersion = 17.5.33516.290
MinimumVisualStudioVersion = 10.0.40219.1
Project("{9A19103F-16F7-4668-BE54-9A1E7A4F7556}") = "exercice2", "exercice2.csproj", "{4C90D26E-4878-43B9-BAD5-27918CA9E2A7}"
EndProject
Project("{2150E333-8FDC-42A3-9474-1A3956D46DE8}") = "Solution Items", "Solution Items", "{40CBF262-F4D7-4259-B38C-D9105D3DE888}"
EndProject
Global
	GlobalSection(SolutionConfigurationPlatforms) = preSolution
		Debug|Any CPU = Debug|Any CPU
		Debug|x64 = Debug|x64
		Release|Any CPU = Release|Any CPU
		Release|x64 = Release|x64
	EndGlobalSection
	GlobalSection(ProjectConfigurationPlatforms) = postSolution
		{4C90D26E-4878-43B9-BAD5-27918CA9E2A7}.Debug|Any CPU.ActiveCfg = Debug|Any CPU
		{4C90D26E-4878-43B9-BAD5-27918CA9E2A7}.Debug|Any CPU.Build.0 = Debug|Any CPU
		{4C90D26E-4878-43B9-BAD5-27918CA9E2A7}.Debug|x64.ActiveCfg = Debug|x64
		{4C90D26E-4878-43B9-BAD5-27918CA9E2A7}.Debug|x64.Build.0 = Debug|x64
		{4C90D26E-4878-43B9-BAD5-27918CA9E2A7}.Release|Any CPU.ActiveCfg = Release|Any CPU
		{4C90D26E-4878-43B9-BAD5-27918CA9E2A7}.Release|Any CPU.Build.0 = Release|Any CPU
		{4C90D26E-4878-43B9-BAD5-27918CA9E2A7}.Release|x64.ActiveCfg = Release|x64
		{4C90D26E-4878-43B9-BAD5-27918CA9E2A7}.Release|x64.Build.0 = Release|x64
	EndGlobalSection
	GlobalSection(SolutionProperties) = preSolution
		HideSolutionNode = FALSE
	EndGlobalSection
	GlobalSection(ExtensibilityGlobals) = postSolution
		SolutionGuid = {F7ACEC6F-F007-4A11-A21A-805C8EC1FAC7}
	EndGlobalSection
EndGlobal
